
Microsoft Visual Studio Solution File, Format Version 12.00
# Visual Studio Version 17
VisualStudioVersion = 17.14.36414.22 d17.14
MinimumVisualStudioVersion = 10.0.40219.1
Project("{FAE04EC0-301F-11D3-BF4B-00C04F79EFBC}") = "Git-Practice", "Git-Practice\Git-Practice.csproj", "{F0EB77CC-8AE4-40D5-851A-685E8A72C541}"
EndProject
Global
	GlobalSection(SolutionConfigurationPlatforms) = preSolution
		Debug|Any CPU = Debug|Any CPU
		Release|Any CPU = Release|Any CPU
	EndGlobalSection
	GlobalSection(ProjectConfigurationPlatforms) = postSolution
		{F0EB77CC-8AE4-40D5-851A-685E8A72C541}.Debug|Any CPU.ActiveCfg = Debug|Any CPU
		{F0EB77CC-8AE4-40D5-851A-685E8A72C541}.Debug|Any CPU.Build.0 = Debug|Any CPU
		{F0EB77CC-8AE4-40D5-851A-685E8A72C541}.Release|Any CPU.ActiveCfg = Release|Any CPU
		{F0EB77CC-8AE4-40D5-851A-685E8A72C541}.Release|Any CPU.Build.0 = Release|Any CPU
	EndGlobalSection
	GlobalSection(SolutionProperties) = preSolution
		HideSolutionNode = FALSE
	EndGlobalSection
	GlobalSection(ExtensibilityGlobals) = postSolution
		SolutionGuid = {113069ED-FD4F-40D2-ACDD-BDE2E31F850E}
	EndGlobalSection
EndGlobal
